<Solution>
  <Folder Name="/EveSKUs/" />
  <Folder Name="/EveSKUs/Fittaus/">
    <Project Path="EveSKU.Fitting.Api/EveSKU.Fitting.Api.csproj" />
    <Project Path="EveSKU.Fitting.Kontrakti/EveSKU.Fitting.Kontrakti.csproj" Id="da6e867b-0ac9-4ca8-a3df-01978d65cd96" />
    <Project Path="EveSKU.Fitting.Service/EveSKU.Fitting.Service.csproj" Id="8b09c797-ce85-4a63-838c-563764134c88" />
  </Folder>
  <Folder Name="/EveSKUs/PI/">
    <Project Path="EveSKU.PI.Api/EveSKU.PI.Api.csproj" Id="6ed26900-6429-4309-a262-9590c2dc45ca" />
    <Project Path="EveSKU.PI.Kontrakti/EveSKU.PI.Kontrakti.csproj" Id="8fc7818d-b6dc-4d71-8cbe-9447dd14a46c" />
    <Project Path="EveSKU.PI.Service/EveSKU.PI.Service.csproj" Id="055569fd-b29f-4351-8db6-0328a561a19b" />
  </Folder>
  <Folder Name="/EveSKUs/Suunnitelmat/">
    <Project Path="EveSKU.Suunnitelmat.Api/EveSKU.Suunnitelmat.Api.csproj" />
    <Project Path="EveSKU.Suunnitelmat.Kontrakti/EveSKU.Suunnitelmat.Kontrakti.csproj" Id="fc551b7e-be15-4155-abb2-94571fbc9106" />
    <Project Path="EveSKU.Suunnitelmat.Service/EveSKU.Suunnitelmat.Service.csproj" Id="1b21d6a3-fcdb-4789-bd0f-b7c7a3d90994" />
  </Folder>
  <Folder Name="/Hallinta/">
    <Project Path="EveSKU.Management/EveSKU.Management.Client/EveSKU.Management.Asiakas.csproj" />
    <Project Path="EveSKU.Management/EveSKU.Management/EveSKU.Management.csproj" />
  </Folder>
  <Folder Name="/Jaettu/">
    <Project Path="EveSKU.Infra/EveSKU.Infra.csproj" Id="f68d2671-58c9-4b94-85c6-79568d73d436" />
  </Folder>
</Solution>
